
Microsoft Visual Studio Solution File, Format Version 12.00
# Visual Studio Version 17
VisualStudioVersion = 17.12.35527.113
MinimumVisualStudioVersion = 10.0.40219.1
Project("{FAE04EC0-301F-11D3-BF4B-00C04F79EFBC}") = "LAB_01", "LAB_01\LAB_01.csproj", "{06B8A622-3AB0-4CC1-A79B-167410D4FEBD}"
EndProject
Project("{FAE04EC0-301F-11D3-BF4B-00C04F79EFBC}") = "LAB02_DLL", "LAB02_DLL\LAB02_DLL.csproj", "{1C4F945F-6AB7-47A4-9DBA-7D060DBF75C9}"
EndProject
Global
	GlobalSection(SolutionConfigurationPlatforms) = preSolution
		Debug|Any CPU = Debug|Any CPU
		Release|Any CPU = Release|Any CPU
	EndGlobalSection
	GlobalSection(ProjectConfigurationPlatforms) = postSolution
		{06B8A622-3AB0-4CC1-A79B-167410D4FEBD}.Debug|Any CPU.ActiveCfg = Debug|Any CPU
		{06B8A622-3AB0-4CC1-A79B-167410D4FEBD}.Debug|Any CPU.Build.0 = Debug|Any CPU
		{06B8A622-3AB0-4CC1-A79B-167410D4FEBD}.Release|Any CPU.ActiveCfg = Release|Any CPU
		{06B8A622-3AB0-4CC1-A79B-167410D4FEBD}.Release|Any CPU.Build.0 = Release|Any CPU
		{1C4F945F-6AB7-47A4-9DBA-7D060DBF75C9}.Debug|Any CPU.ActiveCfg = Debug|Any CPU
		{1C4F945F-6AB7-47A4-9DBA-7D060DBF75C9}.Debug|Any CPU.Build.0 = Debug|Any CPU
		{1C4F945F-6AB7-47A4-9DBA-7D060DBF75C9}.Release|Any CPU.ActiveCfg = Release|Any CPU
		{1C4F945F-6AB7-47A4-9DBA-7D060DBF75C9}.Release|Any CPU.Build.0 = Release|Any CPU
	EndGlobalSection
	GlobalSection(SolutionProperties) = preSolution
		HideSolutionNode = FALSE
	EndGlobalSection
EndGlobal
